
Microsoft Visual Studio Solution File, Format Version 12.00
# Visual Studio Version 16
VisualStudioVersion = 16.0.30907.101
MinimumVisualStudioVersion = 10.0.40219.1
Project("{2150E333-8FDC-42A3-9474-1A3956D46DE8}") = "Application", "Application", "{DD331F35-056E-4E3C-A570-6135EFEF3035}"
EndProject
Project("{2150E333-8FDC-42A3-9474-1A3956D46DE8}") = "Domain", "Domain", "{E80AA311-35CA-4480-924E-55B6428CEF2B}"
EndProject
Project("{2150E333-8FDC-42A3-9474-1A3956D46DE8}") = "Infrastructure.IoC", "Infrastructure.IoC", "{AB0C91F6-C85E-458C-8FFC-96F85BC1E218}"
EndProject
Project("{2150E333-8FDC-42A3-9474-1A3956D46DE8}") = "Infra.Data", "Infra.Data", "{081044E1-446D-46B4-9D2A-23DA0FCAF9E5}"
EndProject
Project("{2150E333-8FDC-42A3-9474-1A3956D46DE8}") = "Presentation", "Presentation", "{008570DC-EB9B-41B4-9273-AEA6F5B15AD7}"
EndProject
Project("{9A19103F-16F7-4668-BE54-9A1E7A4F7556}") = "CleanArch.MVC", "CleanArch.MVC\CleanArch.MVC.csproj", "{B006FF5A-7A63-46E8-8346-98FD8552A464}"
EndProject
Project("{FAE04EC0-301F-11D3-BF4B-00C04F79EFBC}") = "CleanArch.domain", "CleanArch.domain\CleanArch.domain.csproj", "{F71E37A3-259E-453A-9307-0A8DAF8C3CD5}"
EndProject
Global
	GlobalSection(SolutionConfigurationPlatforms) = preSolution
		Debug|Any CPU = Debug|Any CPU
		Release|Any CPU = Release|Any CPU
	EndGlobalSection
	GlobalSection(ProjectConfigurationPlatforms) = postSolution
		{B006FF5A-7A63-46E8-8346-98FD8552A464}.Debug|Any CPU.ActiveCfg = Debug|Any CPU
		{B006FF5A-7A63-46E8-8346-98FD8552A464}.Debug|Any CPU.Build.0 = Debug|Any CPU
		{B006FF5A-7A63-46E8-8346-98FD8552A464}.Release|Any CPU.ActiveCfg = Release|Any CPU
		{B006FF5A-7A63-46E8-8346-98FD8552A464}.Release|Any CPU.Build.0 = Release|Any CPU
		{F71E37A3-259E-453A-9307-0A8DAF8C3CD5}.Debug|Any CPU.ActiveCfg = Debug|Any CPU
		{F71E37A3-259E-453A-9307-0A8DAF8C3CD5}.Debug|Any CPU.Build.0 = Debug|Any CPU
		{F71E37A3-259E-453A-9307-0A8DAF8C3CD5}.Release|Any CPU.ActiveCfg = Release|Any CPU
		{F71E37A3-259E-453A-9307-0A8DAF8C3CD5}.Release|Any CPU.Build.0 = Release|Any CPU
	EndGlobalSection
	GlobalSection(SolutionProperties) = preSolution
		HideSolutionNode = FALSE
	EndGlobalSection
	GlobalSection(NestedProjects) = preSolution
		{B006FF5A-7A63-46E8-8346-98FD8552A464} = {008570DC-EB9B-41B4-9273-AEA6F5B15AD7}
		{F71E37A3-259E-453A-9307-0A8DAF8C3CD5} = {E80AA311-35CA-4480-924E-55B6428CEF2B}
	EndGlobalSection
	GlobalSection(ExtensibilityGlobals) = postSolution
		SolutionGuid = {37A1B59D-E6CA-4760-A3C5-CE430F9BA949}
	EndGlobalSection
EndGlobal
